
Microsoft Visual Studio Solution File, Format Version 12.00
# Visual Studio Version 16
VisualStudioVersion = 16.0.34301.259
MinimumVisualStudioVersion = 10.0.40219.1
Project("{9A19103F-16F7-4668-BE54-9A1E7A4F7556}") = "WS-Serveur", "WS-Serveur\WS-Serveur.csproj", "{28DADF5B-84EE-41EC-B18D-9B0244EC6BFE}"
EndProject
Project("{9A19103F-16F7-4668-BE54-9A1E7A4F7556}") = "Client", "Client\Client.csproj", "{1DF25C3C-A69D-47E9-B0DB-62A133A4ED95}"
EndProject
Project("{FAE04EC0-301F-11D3-BF4B-00C04F79EFBC}") = "WpfApp1", "WpfApp1\WpfApp1.csproj", "{72C8C4FA-AFF6-4B42-9F40-4179E6F1DE95}"
EndProject
Project("{FAE04EC0-301F-11D3-BF4B-00C04F79EFBC}") = "WpfAppServ", "WpfAppServ\WpfAppServ.csproj", "{8AC930B5-33C8-4054-8D59-154F9E871313}"
EndProject
Global
	GlobalSection(SolutionConfigurationPlatforms) = preSolution
		Debug|Any CPU = Debug|Any CPU
		Release|Any CPU = Release|Any CPU
	EndGlobalSection
	GlobalSection(ProjectConfigurationPlatforms) = postSolution
		{28DADF5B-84EE-41EC-B18D-9B0244EC6BFE}.Debug|Any CPU.ActiveCfg = Debug|Any CPU
		{28DADF5B-84EE-41EC-B18D-9B0244EC6BFE}.Debug|Any CPU.Build.0 = Debug|Any CPU
		{28DADF5B-84EE-41EC-B18D-9B0244EC6BFE}.Release|Any CPU.ActiveCfg = Release|Any CPU
		{28DADF5B-84EE-41EC-B18D-9B0244EC6BFE}.Release|Any CPU.Build.0 = Release|Any CPU
		{1DF25C3C-A69D-47E9-B0DB-62A133A4ED95}.Debug|Any CPU.ActiveCfg = Debug|Any CPU
		{1DF25C3C-A69D-47E9-B0DB-62A133A4ED95}.Debug|Any CPU.Build.0 = Debug|Any CPU
		{1DF25C3C-A69D-47E9-B0DB-62A133A4ED95}.Release|Any CPU.ActiveCfg = Release|Any CPU
		{1DF25C3C-A69D-47E9-B0DB-62A133A4ED95}.Release|Any CPU.Build.0 = Release|Any CPU
		{72C8C4FA-AFF6-4B42-9F40-4179E6F1DE95}.Debug|Any CPU.ActiveCfg = Debug|Any CPU
		{72C8C4FA-AFF6-4B42-9F40-4179E6F1DE95}.Debug|Any CPU.Build.0 = Debug|Any CPU
		{72C8C4FA-AFF6-4B42-9F40-4179E6F1DE95}.Release|Any CPU.ActiveCfg = Release|Any CPU
		{72C8C4FA-AFF6-4B42-9F40-4179E6F1DE95}.Release|Any CPU.Build.0 = Release|Any CPU
		{8AC930B5-33C8-4054-8D59-154F9E871313}.Debug|Any CPU.ActiveCfg = Debug|Any CPU
		{8AC930B5-33C8-4054-8D59-154F9E871313}.Debug|Any CPU.Build.0 = Debug|Any CPU
		{8AC930B5-33C8-4054-8D59-154F9E871313}.Release|Any CPU.ActiveCfg = Release|Any CPU
		{8AC930B5-33C8-4054-8D59-154F9E871313}.Release|Any CPU.Build.0 = Release|Any CPU
	EndGlobalSection
	GlobalSection(SolutionProperties) = preSolution
		HideSolutionNode = FALSE
	EndGlobalSection
	GlobalSection(ExtensibilityGlobals) = postSolution
		SolutionGuid = {5E284DA6-4599-4FAE-AB79-7763E1411B8A}
	EndGlobalSection
EndGlobal
